// !$*UTF8*$!
{
	archiveVersion = 1;
	classes = {
	};
	objectVersion = 46;
	objects = {

/* Begin PBXBuildFile section */
		2BFA9DA710CDF852007972A1 /* MainMenu.xib in Resources */ = {isa = PBXBuildFile; fileRef = 2BFA9DA510CDF852007972A1 /* MainMenu.xib */; };
		2E00CCB4164EE10000A30635 /* TravisAPI.m in Sources */ = {isa = PBXBuildFile; fileRef = 2E00CCB3164EE10000A30635 /* TravisAPI.m */; };
		2E00CCB7164EE18000A30635 /* TravisHTTPClient.m in Sources */ = {isa = PBXBuildFile; fileRef = 2E00CCB6164EE18000A30635 /* TravisHTTPClient.m */; };
		2E00CCC1164F974800A30635 /* SenTestingKit.framework in Frameworks */ = {isa = PBXBuildFile; fileRef = 2E00CCC0164F974800A30635 /* SenTestingKit.framework */; };
		2E00CCC3164F974900A30635 /* Cocoa.framework in Frameworks */ = {isa = PBXBuildFile; fileRef = 2E00CCC2164F974900A30635 /* Cocoa.framework */; };
		2E00CCC9164F974900A30635 /* InfoPlist.strings in Resources */ = {isa = PBXBuildFile; fileRef = 2E00CCC7164F974900A30635 /* InfoPlist.strings */; };
		2E00CCD1164F97A200A30635 /* OCMockito.framework in Frameworks */ = {isa = PBXBuildFile; fileRef = 2E00CCB9164F972F00A30635 /* OCMockito.framework */; };
		2E00CCD3164F988400A30635 /* OCHamcrest.framework in Frameworks */ = {isa = PBXBuildFile; fileRef = 2E00CCD2164F988400A30635 /* OCHamcrest.framework */; };
		2E00CCD5164F98EC00A30635 /* OCHamcrest.framework in CopyFiles */ = {isa = PBXBuildFile; fileRef = 2E00CCD2164F988400A30635 /* OCHamcrest.framework */; };
		2E00CCD6164F98EE00A30635 /* OCMockito.framework in CopyFiles */ = {isa = PBXBuildFile; fileRef = 2E00CCB9164F972F00A30635 /* OCMockito.framework */; };
		2E00CCD9164F9A9B00A30635 /* PreferencesControllerTests.m in Sources */ = {isa = PBXBuildFile; fileRef = 2E00CCD8164F9A9B00A30635 /* PreferencesControllerTests.m */; };
		2E12F3941652046A000048F5 /* Sparkle.framework in Frameworks */ = {isa = PBXBuildFile; fileRef = 2E12F3931652046A000048F5 /* Sparkle.framework */; };
		2E12F3951652048C000048F5 /* Sparkle.framework in CopyFiles */ = {isa = PBXBuildFile; fileRef = 2E12F3931652046A000048F5 /* Sparkle.framework */; };
		2E12F39716520C2A000048F5 /* dsa_pub.pem in Resources */ = {isa = PBXBuildFile; fileRef = 2E12F39616520C2A000048F5 /* dsa_pub.pem */; };
		2E72AF3B1669DA6000F2631C /* BuildEventStream.m in Sources */ = {isa = PBXBuildFile; fileRef = 2E72AF3A1669DA6000F2631C /* BuildEventStream.m */; };
		2E75988B164DF68100B87810 /* Notification.m in Sources */ = {isa = PBXBuildFile; fileRef = 2E75988A164DF68100B87810 /* Notification.m */; };
		2E90F156164E389F009CAA25 /* Travis CI.icns in Resources */ = {isa = PBXBuildFile; fileRef = 2E90F155164E389F009CAA25 /* Travis CI.icns */; };
		2E90F15A164E49BB009CAA25 /* NotificationDisplayer.m in Sources */ = {isa = PBXBuildFile; fileRef = 2E90F159164E49BB009CAA25 /* NotificationDisplayer.m */; };
		2EBA8CE9164FA582005C033E /* Preferences.m in Sources */ = {isa = PBXBuildFile; fileRef = 2EDA04771565C67C0043A3A6 /* Preferences.m */; };
		2EBA8CEA164FA582005C033E /* PreferencesController.m in Sources */ = {isa = PBXBuildFile; fileRef = 2EDA04741565C0A70043A3A6 /* PreferencesController.m */; };
		2EBA8CF6164FAD4A005C033E /* RepositoryFilterTests.m in Sources */ = {isa = PBXBuildFile; fileRef = 2EBA8CF5164FAD4A005C033E /* RepositoryFilterTests.m */; };
		2EBA8CFA164FAD91005C033E /* RepositoryFilter.m in Sources */ = {isa = PBXBuildFile; fileRef = 2EBA8CF9164FAD91005C033E /* RepositoryFilter.m */; };
		2EBA8CFB164FAD9F005C033E /* RepositoryFilter.m in Sources */ = {isa = PBXBuildFile; fileRef = 2EBA8CF9164FAD91005C033E /* RepositoryFilter.m */; };
		2EDA045D156450750043A3A6 /* TravisEvent.m in Sources */ = {isa = PBXBuildFile; fileRef = 2EDA045C156450750043A3A6 /* TravisEvent.m */; };
		2EDA0460156464FF0043A3A6 /* tray-alt.png in Resources */ = {isa = PBXBuildFile; fileRef = 2EDA045E156464FF0043A3A6 /* tray-alt.png */; };
		2EDA0461156464FF0043A3A6 /* tray.png in Resources */ = {isa = PBXBuildFile; fileRef = 2EDA045F156464FF0043A3A6 /* tray.png */; };
		2EDA046C1565B86F0043A3A6 /* Growl.framework in Copy Growl 1.3 */ = {isa = PBXBuildFile; fileRef = 2EE31A5E15642182004F33FE /* Growl.framework */; };
		2EDA046E1565B8850043A3A6 /* Growl.framework in Copy Growl 1.2.3 */ = {isa = PBXBuildFile; fileRef = 2EDA04691565B82C0043A3A6 /* Growl.framework */; };
		2EDA04751565C0A70043A3A6 /* PreferencesController.m in Sources */ = {isa = PBXBuildFile; fileRef = 2EDA04741565C0A70043A3A6 /* PreferencesController.m */; };
		2EDA04781565C67C0043A3A6 /* Preferences.m in Sources */ = {isa = PBXBuildFile; fileRef = 2EDA04771565C67C0043A3A6 /* Preferences.m */; };
		2EE31A6B156422CF004F33FE /* AppDelegate.m in Sources */ = {isa = PBXBuildFile; fileRef = 2EE31A6A156422CF004F33FE /* AppDelegate.m */; };
		2EE31A7115642547004F33FE /* Pusher.framework in Frameworks */ = {isa = PBXBuildFile; fileRef = 2EE31A7015642547004F33FE /* Pusher.framework */; };
		2EE31A721564254C004F33FE /* Pusher.framework in CopyFiles */ = {isa = PBXBuildFile; fileRef = 2EE31A7015642547004F33FE /* Pusher.framework */; };
		8D11072B0486CEB800E47090 /* InfoPlist.strings in Resources */ = {isa = PBXBuildFile; fileRef = 089C165CFE840E0CC02AAC07 /* InfoPlist.strings */; };
		8D11072D0486CEB800E47090 /* main.m in Sources */ = {isa = PBXBuildFile; fileRef = 29B97316FDCFA39411CA2CEA /* main.m */; settings = {ATTRIBUTES = (); }; };
		8D11072F0486CEB800E47090 /* Cocoa.framework in Frameworks */ = {isa = PBXBuildFile; fileRef = 1058C7A1FEA54F0111CA2CBB /* Cocoa.framework */; };
		9D48CED31593733B00955842 /* SystemConfiguration.framework in Frameworks */ = {isa = PBXBuildFile; fileRef = 9DAF569015932D77002018B5 /* SystemConfiguration.framework */; };
		9DAF568F15932852002018B5 /* Reachability.m in Sources */ = {isa = PBXBuildFile; fileRef = 9DAF568E15932852002018B5 /* Reachability.m */; };
		DD06BD7413170793007673AA /* CoreLocation.framework in Frameworks */ = {isa = PBXBuildFile; fileRef = DD06BD7313170793007673AA /* CoreLocation.framework */; };
		DD06BDC713171314007673AA /* Growl Registration Ticket.growlRegDict in Resources */ = {isa = PBXBuildFile; fileRef = DD06BDAA13170FF6007673AA /* Growl Registration Ticket.growlRegDict */; };
		FFDDA56CF7DA42118A14B692 /* libPods.a in Frameworks */ = {isa = PBXBuildFile; fileRef = 2ECFA87545264EC28B9D5614 /* libPods.a */; };
/* End PBXBuildFile section */

/* Begin PBXCopyFilesBuildPhase section */
		172754B4107597CF00D0347B /* CopyFiles */ = {
			isa = PBXCopyFilesBuildPhase;
			buildActionMask = 2147483647;
			dstPath = "";
			dstSubfolderSpec = 10;
			files = (
				2EE31A721564254C004F33FE /* Pusher.framework in CopyFiles */,
				2E12F3951652048C000048F5 /* Sparkle.framework in CopyFiles */,
			);
			runOnlyForDeploymentPostprocessing = 0;
		};
		2E00CCD4164F98E100A30635 /* CopyFiles */ = {
			isa = PBXCopyFilesBuildPhase;
			buildActionMask = 2147483647;
			dstPath = "";
			dstSubfolderSpec = 16;
			files = (
				2E00CCD5164F98EC00A30635 /* OCHamcrest.framework in CopyFiles */,
				2E00CCD6164F98EE00A30635 /* OCMockito.framework in CopyFiles */,
			);
			runOnlyForDeploymentPostprocessing = 0;
		};
		2EDA046B1565B8450043A3A6 /* Copy Growl 1.3 */ = {
			isa = PBXCopyFilesBuildPhase;
			buildActionMask = 2147483647;
			dstPath = Contents/Frameworks/Growl/1.3;
			dstSubfolderSpec = 1;
			files = (
				2EDA046C1565B86F0043A3A6 /* Growl.framework in Copy Growl 1.3 */,
			);
			name = "Copy Growl 1.3";
			runOnlyForDeploymentPostprocessing = 0;
		};
		2EDA046D1565B8760043A3A6 /* Copy Growl 1.2.3 */ = {
			isa = PBXCopyFilesBuildPhase;
			buildActionMask = 2147483647;
			dstPath = Contents/Frameworks/Growl/1.2.3;
			dstSubfolderSpec = 1;
			files = (
				2EDA046E1565B8850043A3A6 /* Growl.framework in Copy Growl 1.2.3 */,
			);
			name = "Copy Growl 1.2.3";
			runOnlyForDeploymentPostprocessing = 0;
		};
/* End PBXCopyFilesBuildPhase section */

/* Begin PBXFileReference section */
		089C165DFE840E0CC02AAC07 /* English */ = {isa = PBXFileReference; fileEncoding = 10; lastKnownFileType = text.plist.strings; name = English; path = English.lproj/InfoPlist.strings; sourceTree = "<group>"; };
		1058C7A1FEA54F0111CA2CBB /* Cocoa.framework */ = {isa = PBXFileReference; includeInIndex = 1; lastKnownFileType = wrapper.framework; name = Cocoa.framework; path = /System/Library/Frameworks/Cocoa.framework; sourceTree = "<absolute>"; };
		13E42FB307B3F0F600E4EEF1 /* CoreData.framework */ = {isa = PBXFileReference; lastKnownFileType = wrapper.framework; name = CoreData.framework; path = /System/Library/Frameworks/CoreData.framework; sourceTree = "<absolute>"; };
		29B97316FDCFA39411CA2CEA /* main.m */ = {isa = PBXFileReference; fileEncoding = 4; lastKnownFileType = sourcecode.c.objc; lineEnding = 0; path = main.m; sourceTree = "<group>"; xcLanguageSpecificationIdentifier = xcode.lang.objc; };
		29B97324FDCFA39411CA2CEA /* AppKit.framework */ = {isa = PBXFileReference; lastKnownFileType = wrapper.framework; name = AppKit.framework; path = /System/Library/Frameworks/AppKit.framework; sourceTree = "<absolute>"; };
		29B97325FDCFA39411CA2CEA /* Foundation.framework */ = {isa = PBXFileReference; lastKnownFileType = wrapper.framework; name = Foundation.framework; path = /System/Library/Frameworks/Foundation.framework; sourceTree = "<absolute>"; };
		2BFA9DA610CDF852007972A1 /* English */ = {isa = PBXFileReference; lastKnownFileType = file.xib; name = English; path = English.lproj/MainMenu.xib; sourceTree = "<group>"; };
		2E00CCB2164EE10000A30635 /* TravisAPI.h */ = {isa = PBXFileReference; fileEncoding = 4; lastKnownFileType = sourcecode.c.h; lineEnding = 0; path = TravisAPI.h; sourceTree = "<group>"; xcLanguageSpecificationIdentifier = xcode.lang.objcpp; };
		2E00CCB3164EE10000A30635 /* TravisAPI.m */ = {isa = PBXFileReference; fileEncoding = 4; lastKnownFileType = sourcecode.c.objc; lineEnding = 0; path = TravisAPI.m; sourceTree = "<group>"; xcLanguageSpecificationIdentifier = xcode.lang.objc; };
		2E00CCB5164EE18000A30635 /* TravisHTTPClient.h */ = {isa = PBXFileReference; fileEncoding = 4; lastKnownFileType = sourcecode.c.h; lineEnding = 0; path = TravisHTTPClient.h; sourceTree = "<group>"; xcLanguageSpecificationIdentifier = xcode.lang.objcpp; };
		2E00CCB6164EE18000A30635 /* TravisHTTPClient.m */ = {isa = PBXFileReference; fileEncoding = 4; lastKnownFileType = sourcecode.c.objc; lineEnding = 0; path = TravisHTTPClient.m; sourceTree = "<group>"; xcLanguageSpecificationIdentifier = xcode.lang.objc; };
		2E00CCB9164F972F00A30635 /* OCMockito.framework */ = {isa = PBXFileReference; lastKnownFileType = wrapper.framework; path = OCMockito.framework; sourceTree = "<group>"; };
		2E00CCBF164F974800A30635 /* TravisToolbarTests.octest */ = {isa = PBXFileReference; explicitFileType = wrapper.cfbundle; includeInIndex = 0; path = TravisToolbarTests.octest; sourceTree = BUILT_PRODUCTS_DIR; };
		2E00CCC0164F974800A30635 /* SenTestingKit.framework */ = {isa = PBXFileReference; lastKnownFileType = wrapper.framework; name = SenTestingKit.framework; path = Library/Frameworks/SenTestingKit.framework; sourceTree = DEVELOPER_DIR; };
		2E00CCC2164F974900A30635 /* Cocoa.framework */ = {isa = PBXFileReference; lastKnownFileType = wrapper.framework; name = Cocoa.framework; path = Library/Frameworks/Cocoa.framework; sourceTree = DEVELOPER_DIR; };
		2E00CCC6164F974900A30635 /* TravisToolbarTests-Info.plist */ = {isa = PBXFileReference; lastKnownFileType = text.plist.xml; path = "TravisToolbarTests-Info.plist"; sourceTree = "<group>"; };
		2E00CCC8164F974900A30635 /* en */ = {isa = PBXFileReference; lastKnownFileType = text.plist.strings; name = en; path = en.lproj/InfoPlist.strings; sourceTree = "<group>"; };
		2E00CCCD164F974900A30635 /* TravisToolbarTests-Prefix.pch */ = {isa = PBXFileReference; lastKnownFileType = sourcecode.c.h; path = "TravisToolbarTests-Prefix.pch"; sourceTree = "<group>"; };
		2E00CCD2164F988400A30635 /* OCHamcrest.framework */ = {isa = PBXFileReference; lastKnownFileType = wrapper.framework; path = OCHamcrest.framework; sourceTree = "<group>"; };
		2E00CCD8164F9A9B00A30635 /* PreferencesControllerTests.m */ = {isa = PBXFileReference; fileEncoding = 4; lastKnownFileType = sourcecode.c.objc; lineEnding = 0; path = PreferencesControllerTests.m; sourceTree = "<group>"; xcLanguageSpecificationIdentifier = xcode.lang.objc; };
		2E12F3931652046A000048F5 /* Sparkle.framework */ = {isa = PBXFileReference; lastKnownFileType = wrapper.framework; name = Sparkle.framework; path = vendor/Sparkle.framework; sourceTree = "<group>"; };
		2E12F39616520C2A000048F5 /* dsa_pub.pem */ = {isa = PBXFileReference; fileEncoding = 4; lastKnownFileType = text; path = dsa_pub.pem; sourceTree = "<group>"; };
		2E72AF391669DA5F00F2631C /* BuildEventStream.h */ = {isa = PBXFileReference; fileEncoding = 4; lastKnownFileType = sourcecode.c.h; path = BuildEventStream.h; sourceTree = "<group>"; };
		2E72AF3A1669DA6000F2631C /* BuildEventStream.m */ = {isa = PBXFileReference; fileEncoding = 4; lastKnownFileType = sourcecode.c.objc; path = BuildEventStream.m; sourceTree = "<group>"; };
		2E759889164DF68100B87810 /* Notification.h */ = {isa = PBXFileReference; fileEncoding = 4; lastKnownFileType = sourcecode.c.h; lineEnding = 0; path = Notification.h; sourceTree = "<group>"; xcLanguageSpecificationIdentifier = xcode.lang.objcpp; };
		2E75988A164DF68100B87810 /* Notification.m */ = {isa = PBXFileReference; fileEncoding = 4; lastKnownFileType = sourcecode.c.objc; lineEnding = 0; path = Notification.m; sourceTree = "<group>"; xcLanguageSpecificationIdentifier = xcode.lang.objc; };
		2E90F155164E389F009CAA25 /* Travis CI.icns */ = {isa = PBXFileReference; lastKnownFileType = image.icns; path = "Travis CI.icns"; sourceTree = "<group>"; };
		2E90F158164E49BB009CAA25 /* NotificationDisplayer.h */ = {isa = PBXFileReference; fileEncoding = 4; lastKnownFileType = sourcecode.c.h; lineEnding = 0; path = NotificationDisplayer.h; sourceTree = "<group>"; xcLanguageSpecificationIdentifier = xcode.lang.objcpp; };
		2E90F159164E49BB009CAA25 /* NotificationDisplayer.m */ = {isa = PBXFileReference; fileEncoding = 4; lastKnownFileType = sourcecode.c.objc; lineEnding = 0; path = NotificationDisplayer.m; sourceTree = "<group>"; xcLanguageSpecificationIdentifier = xcode.lang.objc; };
		2EBA8CF5164FAD4A005C033E /* RepositoryFilterTests.m */ = {isa = PBXFileReference; fileEncoding = 4; lastKnownFileType = sourcecode.c.objc; lineEnding = 0; name = RepositoryFilterTests.m; path = test/RepositoryFilterTests.m; sourceTree = SOURCE_ROOT; xcLanguageSpecificationIdentifier = xcode.lang.objc; };
		2EBA8CF8164FAD91005C033E /* RepositoryFilter.h */ = {isa = PBXFileReference; fileEncoding = 4; lastKnownFileType = sourcecode.c.h; lineEnding = 0; path = RepositoryFilter.h; sourceTree = "<group>"; xcLanguageSpecificationIdentifier = xcode.lang.objcpp; };
		2EBA8CF9164FAD91005C033E /* RepositoryFilter.m */ = {isa = PBXFileReference; fileEncoding = 4; lastKnownFileType = sourcecode.c.objc; lineEnding = 0; path = RepositoryFilter.m; sourceTree = "<group>"; xcLanguageSpecificationIdentifier = xcode.lang.objc; };
		2ECFA87545264EC28B9D5614 /* libPods.a */ = {isa = PBXFileReference; explicitFileType = archive.ar; includeInIndex = 0; path = libPods.a; sourceTree = BUILT_PRODUCTS_DIR; };
		2EDA045B156450750043A3A6 /* TravisEvent.h */ = {isa = PBXFileReference; fileEncoding = 4; lastKnownFileType = sourcecode.c.h; lineEnding = 0; path = TravisEvent.h; sourceTree = "<group>"; xcLanguageSpecificationIdentifier = xcode.lang.objcpp; };
		2EDA045C156450750043A3A6 /* TravisEvent.m */ = {isa = PBXFileReference; fileEncoding = 4; lastKnownFileType = sourcecode.c.objc; lineEnding = 0; path = TravisEvent.m; sourceTree = "<group>"; xcLanguageSpecificationIdentifier = xcode.lang.objc; };
		2EDA045E156464FF0043A3A6 /* tray-alt.png */ = {isa = PBXFileReference; lastKnownFileType = image.png; path = "tray-alt.png"; sourceTree = "<group>"; };
		2EDA045F156464FF0043A3A6 /* tray.png */ = {isa = PBXFileReference; lastKnownFileType = image.png; path = tray.png; sourceTree = "<group>"; };
		2EDA04691565B82C0043A3A6 /* Growl.framework */ = {isa = PBXFileReference; lastKnownFileType = wrapper.framework; name = Growl.framework; path = vendor/legacy/Growl.framework; sourceTree = "<group>"; };
		2EDA04731565C0A70043A3A6 /* PreferencesController.h */ = {isa = PBXFileReference; fileEncoding = 4; lastKnownFileType = sourcecode.c.h; lineEnding = 0; path = PreferencesController.h; sourceTree = "<group>"; xcLanguageSpecificationIdentifier = xcode.lang.objcpp; };
		2EDA04741565C0A70043A3A6 /* PreferencesController.m */ = {isa = PBXFileReference; fileEncoding = 4; lastKnownFileType = sourcecode.c.objc; lineEnding = 0; path = PreferencesController.m; sourceTree = "<group>"; xcLanguageSpecificationIdentifier = xcode.lang.objc; };
		2EDA04761565C67C0043A3A6 /* Preferences.h */ = {isa = PBXFileReference; fileEncoding = 4; lastKnownFileType = sourcecode.c.h; lineEnding = 0; path = Preferences.h; sourceTree = "<group>"; xcLanguageSpecificationIdentifier = xcode.lang.objcpp; };
		2EDA04771565C67C0043A3A6 /* Preferences.m */ = {isa = PBXFileReference; fileEncoding = 4; lastKnownFileType = sourcecode.c.objc; lineEnding = 0; path = Preferences.m; sourceTree = "<group>"; xcLanguageSpecificationIdentifier = xcode.lang.objc; };
		2EE31A5E15642182004F33FE /* Growl.framework */ = {isa = PBXFileReference; lastKnownFileType = wrapper.framework; name = Growl.framework; path = vendor/Growl.framework; sourceTree = "<group>"; };
		2EE31A69156422CF004F33FE /* AppDelegate.h */ = {isa = PBXFileReference; fileEncoding = 4; lastKnownFileType = sourcecode.c.h; path = AppDelegate.h; sourceTree = "<group>"; };
		2EE31A6A156422CF004F33FE /* AppDelegate.m */ = {isa = PBXFileReference; fileEncoding = 4; lastKnownFileType = sourcecode.c.objc; lineEnding = 0; path = AppDelegate.m; sourceTree = "<group>"; xcLanguageSpecificationIdentifier = xcode.lang.objc; };
		2EE31A7015642547004F33FE /* Pusher.framework */ = {isa = PBXFileReference; includeInIndex = 1; lastKnownFileType = wrapper.framework; name = Pusher.framework; path = vendor/Pusher.framework; sourceTree = "<group>"; };
		2EE31A7E15644ABD004F33FE /* Travis CI.entitlements */ = {isa = PBXFileReference; lastKnownFileType = text.xml; path = "Travis CI.entitlements"; sourceTree = "<group>"; };
		884722F96BEB4A039C4EBD96 /* Pods.xcconfig */ = {isa = PBXFileReference; includeInIndex = 1; lastKnownFileType = text.xcconfig; name = Pods.xcconfig; path = Pods/Pods.xcconfig; sourceTree = SOURCE_ROOT; };
		8D1107310486CEB800E47090 /* Info.plist */ = {isa = PBXFileReference; fileEncoding = 4; lastKnownFileType = text.plist.xml; path = Info.plist; sourceTree = "<group>"; };
		8D1107320486CEB800E47090 /* Travis CI.app */ = {isa = PBXFileReference; explicitFileType = wrapper.application; includeInIndex = 0; path = "Travis CI.app"; sourceTree = BUILT_PRODUCTS_DIR; };
		9DAF568D15932852002018B5 /* Reachability.h */ = {isa = PBXFileReference; fileEncoding = 4; lastKnownFileType = sourcecode.c.h; path = Reachability.h; sourceTree = "<group>"; };
		9DAF568E15932852002018B5 /* Reachability.m */ = {isa = PBXFileReference; fileEncoding = 4; lastKnownFileType = sourcecode.c.objc; path = Reachability.m; sourceTree = "<group>"; };
		9DAF569015932D77002018B5 /* SystemConfiguration.framework */ = {isa = PBXFileReference; includeInIndex = 1; lastKnownFileType = wrapper.framework; name = SystemConfiguration.framework; path = Platforms/MacOSX.platform/Developer/SDKs/MacOSX10.7.sdk/System/Library/Frameworks/SystemConfiguration.framework; sourceTree = DEVELOPER_DIR; };
		DD06BD7313170793007673AA /* CoreLocation.framework */ = {isa = PBXFileReference; includeInIndex = 1; lastKnownFileType = wrapper.framework; name = CoreLocation.framework; path = /System/Library/Frameworks/CoreLocation.framework; sourceTree = "<absolute>"; };
		DD06BDAA13170FF6007673AA /* Growl Registration Ticket.growlRegDict */ = {isa = PBXFileReference; fileEncoding = 4; lastKnownFileType = text.xml; path = "Growl Registration Ticket.growlRegDict"; sourceTree = "<group>"; };
/* End PBXFileReference section */

/* Begin PBXFrameworksBuildPhase section */
		2E00CCBB164F974800A30635 /* Frameworks */ = {
			isa = PBXFrameworksBuildPhase;
			buildActionMask = 2147483647;
			files = (
				2E00CCD3164F988400A30635 /* OCHamcrest.framework in Frameworks */,
				2E00CCD1164F97A200A30635 /* OCMockito.framework in Frameworks */,
				2E00CCC1164F974800A30635 /* SenTestingKit.framework in Frameworks */,
				2E00CCC3164F974900A30635 /* Cocoa.framework in Frameworks */,
			);
			runOnlyForDeploymentPostprocessing = 0;
		};
		8D11072E0486CEB800E47090 /* Frameworks */ = {
			isa = PBXFrameworksBuildPhase;
			buildActionMask = 2147483647;
			files = (
				9D48CED31593733B00955842 /* SystemConfiguration.framework in Frameworks */,
				8D11072F0486CEB800E47090 /* Cocoa.framework in Frameworks */,
				DD06BD7413170793007673AA /* CoreLocation.framework in Frameworks */,
				2EE31A7115642547004F33FE /* Pusher.framework in Frameworks */,
				FFDDA56CF7DA42118A14B692 /* libPods.a in Frameworks */,
				2E12F3941652046A000048F5 /* Sparkle.framework in Frameworks */,
			);
			runOnlyForDeploymentPostprocessing = 0;
		};
/* End PBXFrameworksBuildPhase section */

/* Begin PBXGroup section */
		1058C7A0FEA54F0111CA2CBB /* Linked Frameworks */ = {
			isa = PBXGroup;
			children = (
				2E12F3931652046A000048F5 /* Sparkle.framework */,
				9DAF569015932D77002018B5 /* SystemConfiguration.framework */,
				2EE31A7015642547004F33FE /* Pusher.framework */,
				1058C7A1FEA54F0111CA2CBB /* Cocoa.framework */,
				DD06BD7313170793007673AA /* CoreLocation.framework */,
			);
			name = "Linked Frameworks";
			sourceTree = "<group>";
		};
		1058C7A2FEA54F0111CA2CBB /* Other Frameworks */ = {
			isa = PBXGroup;
			children = (
				29B97324FDCFA39411CA2CEA /* AppKit.framework */,
				13E42FB307B3F0F600E4EEF1 /* CoreData.framework */,
				29B97325FDCFA39411CA2CEA /* Foundation.framework */,
			);
			name = "Other Frameworks";
			sourceTree = "<group>";
		};
		19C28FACFE9D520D11CA2CBB /* Products */ = {
			isa = PBXGroup;
			children = (
				8D1107320486CEB800E47090 /* Travis CI.app */,
				2E00CCBF164F974800A30635 /* TravisToolbarTests.octest */,
			);
			name = Products;
			sourceTree = "<group>";
		};
		29B97314FDCFA39411CA2CEA /* Travis CI */ = {
			isa = PBXGroup;
			children = (
				2EE31A611564226E004F33FE /* Travis CI */,
				29B97317FDCFA39411CA2CEA /* Resources */,
				2E00CCB8164F96ED00A30635 /* Vendor */,
				2E00CCC4164F974900A30635 /* TravisToolbarTests */,
				29B97323FDCFA39411CA2CEA /* Frameworks */,
				19C28FACFE9D520D11CA2CBB /* Products */,
				884722F96BEB4A039C4EBD96 /* Pods.xcconfig */,
			);
			indentWidth = 2;
			name = "Travis CI";
			sourceTree = "<group>";
			tabWidth = 2;
			usesTabs = 0;
		};
		29B97317FDCFA39411CA2CEA /* Resources */ = {
			isa = PBXGroup;
			children = (
				2E12F39616520C2A000048F5 /* dsa_pub.pem */,
				DD06BDAA13170FF6007673AA /* Growl Registration Ticket.growlRegDict */,
				8D1107310486CEB800E47090 /* Info.plist */,
				089C165CFE840E0CC02AAC07 /* InfoPlist.strings */,
				2BFA9DA510CDF852007972A1 /* MainMenu.xib */,
				2EE31A7E15644ABD004F33FE /* Travis CI.entitlements */,
				2E90F155164E389F009CAA25 /* Travis CI.icns */,
				2EDA045E156464FF0043A3A6 /* tray-alt.png */,
				2EDA045F156464FF0043A3A6 /* tray.png */,
			);
			name = Resources;
			path = resources;
			sourceTree = "<group>";
		};
		29B97323FDCFA39411CA2CEA /* Frameworks */ = {
			isa = PBXGroup;
			children = (
				2EDA04661565B7F90043A3A6 /* Growl */,
				1058C7A0FEA54F0111CA2CBB /* Linked Frameworks */,
				2E00CCC0164F974800A30635 /* SenTestingKit.framework */,
				2E00CCC2164F974900A30635 /* Cocoa.framework */,
				1058C7A2FEA54F0111CA2CBB /* Other Frameworks */,
				2ECFA87545264EC28B9D5614 /* libPods.a */,
			);
			name = Frameworks;
			sourceTree = "<group>";
		};
		2E00CCB1164EE0C300A30635 /* Travis API */ = {
			isa = PBXGroup;
			children = (
				2E00CCB2164EE10000A30635 /* TravisAPI.h */,
				2E00CCB3164EE10000A30635 /* TravisAPI.m */,
				2E00CCB5164EE18000A30635 /* TravisHTTPClient.h */,
				2E00CCB6164EE18000A30635 /* TravisHTTPClient.m */,
			);
			name = "Travis API";
			sourceTree = "<group>";
		};
		2E00CCB8164F96ED00A30635 /* Vendor */ = {
			isa = PBXGroup;
			children = (
				2E00CCD2164F988400A30635 /* OCHamcrest.framework */,
				2E00CCB9164F972F00A30635 /* OCMockito.framework */,
			);
			name = Vendor;
			path = vendor;
			sourceTree = "<group>";
		};
		2E00CCC4164F974900A30635 /* TravisToolbarTests */ = {
			isa = PBXGroup;
			children = (
				2E00CCD8164F9A9B00A30635 /* PreferencesControllerTests.m */,
				2EBA8CF5164FAD4A005C033E /* RepositoryFilterTests.m */,
				2E00CCC5164F974900A30635 /* Supporting Files */,
			);
			name = TravisToolbarTests;
			path = test;
			sourceTree = "<group>";
		};
		2E00CCC5164F974900A30635 /* Supporting Files */ = {
			isa = PBXGroup;
			children = (
				2E00CCC6164F974900A30635 /* TravisToolbarTests-Info.plist */,
				2E00CCC7164F974900A30635 /* InfoPlist.strings */,
				2E00CCCD164F974900A30635 /* TravisToolbarTests-Prefix.pch */,
			);
			name = "Supporting Files";
			sourceTree = "<group>";
		};
		2EDA04661565B7F90043A3A6 /* Growl */ = {
			isa = PBXGroup;
			children = (
				2EDA04681565B8190043A3A6 /* 1.2.3 */,
				2EDA04671565B80B0043A3A6 /* 1.3 */,
			);
			name = Growl;
			sourceTree = "<group>";
		};
		2EDA04671565B80B0043A3A6 /* 1.3 */ = {
			isa = PBXGroup;
			children = (
				2EE31A5E15642182004F33FE /* Growl.framework */,
			);
			name = 1.3;
			sourceTree = "<group>";
		};
		2EDA04681565B8190043A3A6 /* 1.2.3 */ = {
			isa = PBXGroup;
			children = (
				2EDA04691565B82C0043A3A6 /* Growl.framework */,
			);
			name = 1.2.3;
			sourceTree = "<group>";
		};
		2EE31A611564226E004F33FE /* Travis CI */ = {
			isa = PBXGroup;
			children = (
				2E00CCB1164EE0C300A30635 /* Travis API */,
				2EE31A69156422CF004F33FE /* AppDelegate.h */,
				2EE31A6A156422CF004F33FE /* AppDelegate.m */,
				2E72AF391669DA5F00F2631C /* BuildEventStream.h */,
				2E72AF3A1669DA6000F2631C /* BuildEventStream.m */,
				2E759889164DF68100B87810 /* Notification.h */,
				2E75988A164DF68100B87810 /* Notification.m */,
				2E90F158164E49BB009CAA25 /* NotificationDisplayer.h */,
				2E90F159164E49BB009CAA25 /* NotificationDisplayer.m */,
				2EDA04761565C67C0043A3A6 /* Preferences.h */,
				2EDA04771565C67C0043A3A6 /* Preferences.m */,
				2EDA04731565C0A70043A3A6 /* PreferencesController.h */,
				2EDA04741565C0A70043A3A6 /* PreferencesController.m */,
				9DAF568D15932852002018B5 /* Reachability.h */,
				9DAF568E15932852002018B5 /* Reachability.m */,
				2EBA8CF8164FAD91005C033E /* RepositoryFilter.h */,
				2EBA8CF9164FAD91005C033E /* RepositoryFilter.m */,
				2EDA045B156450750043A3A6 /* TravisEvent.h */,
				2EDA045C156450750043A3A6 /* TravisEvent.m */,
				2EE31A6C15642365004F33FE /* Supporting Files */,
			);
			name = "Travis CI";
			path = src;
			sourceTree = "<group>";
		};
		2EE31A6C15642365004F33FE /* Supporting Files */ = {
			isa = PBXGroup;
			children = (
				29B97316FDCFA39411CA2CEA /* main.m */,
			);
			name = "Supporting Files";
			sourceTree = "<group>";
		};
/* End PBXGroup section */

/* Begin PBXNativeTarget section */
		2E00CCBE164F974800A30635 /* TravisToolbarTests */ = {
			isa = PBXNativeTarget;
			buildConfigurationList = 2E00CCCE164F974900A30635 /* Build configuration list for PBXNativeTarget "TravisToolbarTests" */;
			buildPhases = (
				2E00CCBA164F974800A30635 /* Sources */,
				2E00CCBB164F974800A30635 /* Frameworks */,
				2E00CCBC164F974800A30635 /* Resources */,
				2E00CCBD164F974800A30635 /* ShellScript */,
				2E00CCD4164F98E100A30635 /* CopyFiles */,
			);
			buildRules = (
			);
			dependencies = (
			);
			name = TravisToolbarTests;
			productName = TravisToolbarTests;
			productReference = 2E00CCBF164F974800A30635 /* TravisToolbarTests.octest */;
			productType = "com.apple.product-type.bundle";
		};
		8D1107260486CEB800E47090 /* Travis CI */ = {
			isa = PBXNativeTarget;
			buildConfigurationList = C01FCF4A08A954540054247B /* Build configuration list for PBXNativeTarget "Travis CI" */;
			buildPhases = (
				8D1107290486CEB800E47090 /* Resources */,
				8D11072C0486CEB800E47090 /* Sources */,
				8D11072E0486CEB800E47090 /* Frameworks */,
				172754B4107597CF00D0347B /* CopyFiles */,
				2EDA046B1565B8450043A3A6 /* Copy Growl 1.3 */,
				2EDA046D1565B8760043A3A6 /* Copy Growl 1.2.3 */,
				6F955D0BF9044D9EAC683F0E /* Copy Pods Resources */,
			);
			buildRules = (
			);
			dependencies = (
			);
			name = "Travis CI";
			productInstallPath = "$(HOME)/Applications";
			productName = "Travis CI";
			productReference = 8D1107320486CEB800E47090 /* Travis CI.app */;
			productType = "com.apple.product-type.application";
		};
/* End PBXNativeTarget section */

/* Begin PBXProject section */
		29B97313FDCFA39411CA2CEA /* Project object */ = {
			isa = PBXProject;
			attributes = {
				LastUpgradeCheck = 0450;
				ORGANIZATIONNAME = "Travis CI GmbH";
			};
			buildConfigurationList = C01FCF4E08A954540054247B /* Build configuration list for PBXProject "Travis CI" */;
			compatibilityVersion = "Xcode 3.2";
			developmentRegion = English;
			hasScannedForEncodings = 1;
			knownRegions = (
				English,
				Japanese,
				French,
				German,
				en,
			);
			mainGroup = 29B97314FDCFA39411CA2CEA /* Travis CI */;
			projectDirPath = "";
			projectRoot = "";
			targets = (
				8D1107260486CEB800E47090 /* Travis CI */,
				2E00CCBE164F974800A30635 /* TravisToolbarTests */,
			);
		};
/* End PBXProject section */

/* Begin PBXResourcesBuildPhase section */
		2E00CCBC164F974800A30635 /* Resources */ = {
			isa = PBXResourcesBuildPhase;
			buildActionMask = 2147483647;
			files = (
				2E00CCC9164F974900A30635 /* InfoPlist.strings in Resources */,
			);
			runOnlyForDeploymentPostprocessing = 0;
		};
		8D1107290486CEB800E47090 /* Resources */ = {
			isa = PBXResourcesBuildPhase;
			buildActionMask = 2147483647;
			files = (
				DD06BDC713171314007673AA /* Growl Registration Ticket.growlRegDict in Resources */,
				8D11072B0486CEB800E47090 /* InfoPlist.strings in Resources */,
				2BFA9DA710CDF852007972A1 /* MainMenu.xib in Resources */,
				2EDA0460156464FF0043A3A6 /* tray-alt.png in Resources */,
				2EDA0461156464FF0043A3A6 /* tray.png in Resources */,
				2E90F156164E389F009CAA25 /* Travis CI.icns in Resources */,
				2E12F39716520C2A000048F5 /* dsa_pub.pem in Resources */,
			);
			runOnlyForDeploymentPostprocessing = 0;
		};
/* End PBXResourcesBuildPhase section */

/* Begin PBXShellScriptBuildPhase section */
		2E00CCBD164F974800A30635 /* ShellScript */ = {
			isa = PBXShellScriptBuildPhase;
			buildActionMask = 2147483647;
			files = (
			);
			inputPaths = (
			);
			outputPaths = (
			);
			runOnlyForDeploymentPostprocessing = 0;
			shellPath = /bin/sh;
			shellScript = "# Run the unit tests in this test bundle.\n\"${SYSTEM_DEVELOPER_DIR}/Tools/RunUnitTests\"\n";
		};
		6F955D0BF9044D9EAC683F0E /* Copy Pods Resources */ = {
			isa = PBXShellScriptBuildPhase;
			buildActionMask = 2147483647;
			files = (
			);
			inputPaths = (
			);
			name = "Copy Pods Resources";
			outputPaths = (
			);
			runOnlyForDeploymentPostprocessing = 0;
			shellPath = /bin/sh;
			shellScript = "\"${SRCROOT}/Pods/Pods-resources.sh\"\n";
		};
/* End PBXShellScriptBuildPhase section */

/* Begin PBXSourcesBuildPhase section */
		2E00CCBA164F974800A30635 /* Sources */ = {
			isa = PBXSourcesBuildPhase;
			buildActionMask = 2147483647;
			files = (
				2E00CCD9164F9A9B00A30635 /* PreferencesControllerTests.m in Sources */,
				2EBA8CF6164FAD4A005C033E /* RepositoryFilterTests.m in Sources */,
				2EBA8CE9164FA582005C033E /* Preferences.m in Sources */,
				2EBA8CEA164FA582005C033E /* PreferencesController.m in Sources */,
				2EBA8CFB164FAD9F005C033E /* RepositoryFilter.m in Sources */,
			);
			runOnlyForDeploymentPostprocessing = 0;
		};
		8D11072C0486CEB800E47090 /* Sources */ = {
			isa = PBXSourcesBuildPhase;
			buildActionMask = 2147483647;
			files = (
				8D11072D0486CEB800E47090 /* main.m in Sources */,
				2EE31A6B156422CF004F33FE /* AppDelegate.m in Sources */,
				2EDA045D156450750043A3A6 /* TravisEvent.m in Sources */,
				2EDA04751565C0A70043A3A6 /* PreferencesController.m in Sources */,
				2EDA04781565C67C0043A3A6 /* Preferences.m in Sources */,
				9DAF568F15932852002018B5 /* Reachability.m in Sources */,
				2E75988B164DF68100B87810 /* Notification.m in Sources */,
				2E90F15A164E49BB009CAA25 /* NotificationDisplayer.m in Sources */,
				2E00CCB4164EE10000A30635 /* TravisAPI.m in Sources */,
				2E00CCB7164EE18000A30635 /* TravisHTTPClient.m in Sources */,
				2EBA8CFA164FAD91005C033E /* RepositoryFilter.m in Sources */,
				2E72AF3B1669DA6000F2631C /* BuildEventStream.m in Sources */,
			);
			runOnlyForDeploymentPostprocessing = 0;
		};
/* End PBXSourcesBuildPhase section */

/* Begin PBXVariantGroup section */
		089C165CFE840E0CC02AAC07 /* InfoPlist.strings */ = {
			isa = PBXVariantGroup;
			children = (
				089C165DFE840E0CC02AAC07 /* English */,
			);
			name = InfoPlist.strings;
			sourceTree = "<group>";
		};
		2BFA9DA510CDF852007972A1 /* MainMenu.xib */ = {
			isa = PBXVariantGroup;
			children = (
				2BFA9DA610CDF852007972A1 /* English */,
			);
			name = MainMenu.xib;
			sourceTree = "<group>";
		};
		2E00CCC7164F974900A30635 /* InfoPlist.strings */ = {
			isa = PBXVariantGroup;
			children = (
				2E00CCC8164F974900A30635 /* en */,
			);
			name = InfoPlist.strings;
			sourceTree = "<group>";
		};
/* End PBXVariantGroup section */

/* Begin XCBuildConfiguration section */
		2E00CCCF164F974900A30635 /* Debug */ = {
			isa = XCBuildConfiguration;
			buildSettings = {
				ALWAYS_SEARCH_USER_PATHS = NO;
				ARCHS = "$(ARCHS_STANDARD_64_BIT)";
				CLANG_CXX_LANGUAGE_STANDARD = "gnu++0x";
				CLANG_CXX_LIBRARY = "libc++";
				CLANG_ENABLE_OBJC_ARC = YES;
				CLANG_WARN_CONSTANT_CONVERSION = YES;
				CLANG_WARN_DEPRECATED_OBJC_IMPLEMENTATIONS = YES;
				CLANG_WARN_EMPTY_BODY = YES;
				CLANG_WARN_INT_CONVERSION = YES;
				CLANG_WARN__DUPLICATE_METHOD_MATCH = YES;
				COMBINE_HIDPI_IMAGES = YES;
				COPY_PHASE_STRIP = NO;
				FRAMEWORK_SEARCH_PATHS = (
					"\"$(DEVELOPER_LIBRARY_DIR)/Frameworks\"",
					"\"$(SRCROOT)/vendor\"",
				);
				GCC_C_LANGUAGE_STANDARD = gnu99;
				GCC_DYNAMIC_NO_PIC = NO;
				GCC_ENABLE_OBJC_EXCEPTIONS = YES;
				GCC_ENABLE_OBJC_GC = unsupported;
				GCC_OPTIMIZATION_LEVEL = 0;
				GCC_PRECOMPILE_PREFIX_HEADER = YES;
				GCC_PREFIX_HEADER = "test/TravisToolbarTests-Prefix.pch";
				GCC_PREPROCESSOR_DEFINITIONS = (
					"DEBUG=1",
					"$(inherited)",
				);
				GCC_STRICT_ALIASING = YES;
				GCC_SYMBOLS_PRIVATE_EXTERN = NO;
				GCC_WARN_64_TO_32_BIT_CONVERSION = YES;
				GCC_WARN_UNINITIALIZED_AUTOS = YES;
				INFOPLIST_FILE = "test/TravisToolbarTests-Info.plist";
				MACOSX_DEPLOYMENT_TARGET = 10.8;
				ONLY_ACTIVE_ARCH = YES;
				PRODUCT_NAME = "$(TARGET_NAME)";
				SDKROOT = macosx;
				WRAPPER_EXTENSION = octest;
			};
			name = Debug;
		};
		2E00CCD0164F974900A30635 /* Release */ = {
			isa = XCBuildConfiguration;
			buildSettings = {
				ALWAYS_SEARCH_USER_PATHS = NO;
				ARCHS = "$(ARCHS_STANDARD_64_BIT)";
				CLANG_CXX_LANGUAGE_STANDARD = "gnu++0x";
				CLANG_CXX_LIBRARY = "libc++";
				CLANG_ENABLE_OBJC_ARC = YES;
				CLANG_WARN_CONSTANT_CONVERSION = YES;
				CLANG_WARN_DEPRECATED_OBJC_IMPLEMENTATIONS = YES;
				CLANG_WARN_EMPTY_BODY = YES;
				CLANG_WARN_INT_CONVERSION = YES;
				CLANG_WARN__DUPLICATE_METHOD_MATCH = YES;
				COMBINE_HIDPI_IMAGES = YES;
				COPY_PHASE_STRIP = YES;
				DEBUG_INFORMATION_FORMAT = "dwarf-with-dsym";
				FRAMEWORK_SEARCH_PATHS = (
					"\"$(DEVELOPER_LIBRARY_DIR)/Frameworks\"",
					"\"$(SRCROOT)/vendor\"",
				);
				GCC_C_LANGUAGE_STANDARD = gnu99;
				GCC_ENABLE_OBJC_EXCEPTIONS = YES;
				GCC_ENABLE_OBJC_GC = unsupported;
				GCC_PRECOMPILE_PREFIX_HEADER = YES;
				GCC_PREFIX_HEADER = "test/TravisToolbarTests-Prefix.pch";
				GCC_STRICT_ALIASING = YES;
				GCC_WARN_64_TO_32_BIT_CONVERSION = YES;
				GCC_WARN_UNINITIALIZED_AUTOS = YES;
				INFOPLIST_FILE = "test/TravisToolbarTests-Info.plist";
				MACOSX_DEPLOYMENT_TARGET = 10.8;
				PRODUCT_NAME = "$(TARGET_NAME)";
				SDKROOT = macosx;
				WRAPPER_EXTENSION = octest;
			};
			name = Release;
		};
		C01FCF4B08A954540054247B /* Debug */ = {
			isa = XCBuildConfiguration;
			baseConfigurationReference = 884722F96BEB4A039C4EBD96 /* Pods.xcconfig */;
			buildSettings = {
				CLANG_ENABLE_OBJC_ARC = YES;
				CODE_SIGN_ENTITLEMENTS = "resources/Travis CI.entitlements";
				CODE_SIGN_IDENTITY = "Mac Developer";
				COMBINE_HIDPI_IMAGES = YES;
				COPY_PHASE_STRIP = NO;
				FRAMEWORK_SEARCH_PATHS = (
					"$(inherited)",
					"\"$(SRCROOT)/vendor\"",
					"\"$(SRCROOT)\"",
					"\"$(SRCROOT)/vendor/legacy\"",
				);
				GCC_DYNAMIC_NO_PIC = NO;
				GCC_ENABLE_OBJC_GC = unsupported;
				GCC_MODEL_TUNING = G5;
				GCC_OPTIMIZATION_LEVEL = 0;
				GCC_PRECOMPILE_PREFIX_HEADER = YES;
				GCC_VERSION = com.apple.compilers.llvm.clang.1_0;
				INFOPLIST_FILE = resources/Info.plist;
				INSTALL_PATH = "$(HOME)/Applications";
				MACOSX_DEPLOYMENT_TARGET = 10.7;
				PRODUCT_NAME = "Travis CI";
				SDKROOT = macosx;
				WRAPPER_EXTENSION = app;
				ZERO_LINK = YES;
			};
			name = Debug;
		};
		C01FCF4C08A954540054247B /* Release */ = {
			isa = XCBuildConfiguration;
			baseConfigurationReference = 884722F96BEB4A039C4EBD96 /* Pods.xcconfig */;
			buildSettings = {
				CLANG_ENABLE_OBJC_ARC = YES;
				CODE_SIGN_ENTITLEMENTS = "resources/Travis CI.entitlements";
				CODE_SIGN_IDENTITY = "Mac Developer";
				COMBINE_HIDPI_IMAGES = YES;
				DEBUG_INFORMATION_FORMAT = "dwarf-with-dsym";
				FRAMEWORK_SEARCH_PATHS = (
					"$(inherited)",
					"\"$(SRCROOT)/vendor\"",
					"\"$(SRCROOT)\"",
					"\"$(SRCROOT)/vendor/legacy\"",
				);
				GCC_ENABLE_OBJC_GC = unsupported;
				GCC_MODEL_TUNING = G5;
				GCC_PRECOMPILE_PREFIX_HEADER = YES;
				GCC_VERSION = com.apple.compilers.llvm.clang.1_0;
				INFOPLIST_FILE = resources/Info.plist;
				INSTALL_PATH = "$(HOME)/Applications";
				MACOSX_DEPLOYMENT_TARGET = 10.7;
				PRODUCT_NAME = "Travis CI";
				SDKROOT = macosx;
				WRAPPER_EXTENSION = app;
			};
			name = Release;
		};
		C01FCF4F08A954540054247B /* Debug */ = {
			isa = XCBuildConfiguration;
			buildSettings = {
				ARCHS = "$(NATIVE_ARCH_ACTUAL)";
				GCC_C_LANGUAGE_STANDARD = c99;
				GCC_ENABLE_OBJC_GC = required;
				GCC_WARN_ABOUT_RETURN_TYPE = YES;
				GCC_WARN_UNUSED_VARIABLE = YES;
			};
			name = Debug;
		};
		C01FCF5008A954540054247B /* Release */ = {
			isa = XCBuildConfiguration;
			buildSettings = {
				ARCHS = "$(NATIVE_ARCH_ACTUAL)";
				GCC_C_LANGUAGE_STANDARD = c99;
				GCC_ENABLE_OBJC_GC = required;
				GCC_WARN_ABOUT_RETURN_TYPE = YES;
				GCC_WARN_UNUSED_VARIABLE = YES;
			};
			name = Release;
		};
/* End XCBuildConfiguration section */

/* Begin XCConfigurationList section */
		2E00CCCE164F974900A30635 /* Build configuration list for PBXNativeTarget "TravisToolbarTests" */ = {
			isa = XCConfigurationList;
			buildConfigurations = (
				2E00CCCF164F974900A30635 /* Debug */,
				2E00CCD0164F974900A30635 /* Release */,
			);
			defaultConfigurationIsVisible = 0;
			defaultConfigurationName = Release;
		};
		C01FCF4A08A954540054247B /* Build configuration list for PBXNativeTarget "Travis CI" */ = {
			isa = XCConfigurationList;
			buildConfigurations = (
				C01FCF4B08A954540054247B /* Debug */,
				C01FCF4C08A954540054247B /* Release */,
			);
			defaultConfigurationIsVisible = 0;
			defaultConfigurationName = Release;
		};
		C01FCF4E08A954540054247B /* Build configuration list for PBXProject "Travis CI" */ = {
			isa = XCConfigurationList;
			buildConfigurations = (
				C01FCF4F08A954540054247B /* Debug */,
				C01FCF5008A954540054247B /* Release */,
			);
			defaultConfigurationIsVisible = 0;
			defaultConfigurationName = Release;
		};
/* End XCConfigurationList section */
	};
	rootObject = 29B97313FDCFA39411CA2CEA /* Project object */;
}
