// !$*UTF8*$!
{
	archiveVersion = 1;
	classes = {
	};
	objectVersion = 46;
	objects = {

/* Begin PBXBuildFile section */
		2BFA9DA710CDF852007972A1 /* MainMenu.xib in Resources */ = {isa = PBXBuildFile; fileRef = 2BFA9DA510CDF852007972A1 /* MainMenu.xib */; };
		2E75988B164DF68100B87810 /* Notification.m in Sources */ = {isa = PBXBuildFile; fileRef = 2E75988A164DF68100B87810 /* Notification.m */; };
		2E90F156164E389F009CAA25 /* Travis Toolbar.icns in Resources */ = {isa = PBXBuildFile; fileRef = 2E90F155164E389F009CAA25 /* Travis Toolbar.icns */; };
		2E90F15A164E49BB009CAA25 /* NotificationDisplayer.m in Sources */ = {isa = PBXBuildFile; fileRef = 2E90F159164E49BB009CAA25 /* NotificationDisplayer.m */; };
		2EDA045915644D5D0043A3A6 /* PusherConnection.m in Sources */ = {isa = PBXBuildFile; fileRef = 2EDA045815644D5D0043A3A6 /* PusherConnection.m */; };
		2EDA045D156450750043A3A6 /* TravisEvent.m in Sources */ = {isa = PBXBuildFile; fileRef = 2EDA045C156450750043A3A6 /* TravisEvent.m */; };
		2EDA0460156464FF0043A3A6 /* tray-alt.png in Resources */ = {isa = PBXBuildFile; fileRef = 2EDA045E156464FF0043A3A6 /* tray-alt.png */; };
		2EDA0461156464FF0043A3A6 /* tray.png in Resources */ = {isa = PBXBuildFile; fileRef = 2EDA045F156464FF0043A3A6 /* tray.png */; };
		2EDA046C1565B86F0043A3A6 /* Growl.framework in Copy Growl 1.3 */ = {isa = PBXBuildFile; fileRef = 2EE31A5E15642182004F33FE /* Growl.framework */; };
		2EDA046E1565B8850043A3A6 /* Growl.framework in Copy Growl 1.2.3 */ = {isa = PBXBuildFile; fileRef = 2EDA04691565B82C0043A3A6 /* Growl.framework */; };
		2EDA04751565C0A70043A3A6 /* PreferencesController.m in Sources */ = {isa = PBXBuildFile; fileRef = 2EDA04741565C0A70043A3A6 /* PreferencesController.m */; };
		2EDA04781565C67C0043A3A6 /* Preferences.m in Sources */ = {isa = PBXBuildFile; fileRef = 2EDA04771565C67C0043A3A6 /* Preferences.m */; };
		2EE31A6B156422CF004F33FE /* AppDelegate.m in Sources */ = {isa = PBXBuildFile; fileRef = 2EE31A6A156422CF004F33FE /* AppDelegate.m */; };
		2EE31A7115642547004F33FE /* Pusher.framework in Frameworks */ = {isa = PBXBuildFile; fileRef = 2EE31A7015642547004F33FE /* Pusher.framework */; };
		2EE31A721564254C004F33FE /* Pusher.framework in CopyFiles */ = {isa = PBXBuildFile; fileRef = 2EE31A7015642547004F33FE /* Pusher.framework */; };
		8D11072B0486CEB800E47090 /* InfoPlist.strings in Resources */ = {isa = PBXBuildFile; fileRef = 089C165CFE840E0CC02AAC07 /* InfoPlist.strings */; };
		8D11072D0486CEB800E47090 /* main.m in Sources */ = {isa = PBXBuildFile; fileRef = 29B97316FDCFA39411CA2CEA /* main.m */; settings = {ATTRIBUTES = (); }; };
		8D11072F0486CEB800E47090 /* Cocoa.framework in Frameworks */ = {isa = PBXBuildFile; fileRef = 1058C7A1FEA54F0111CA2CBB /* Cocoa.framework */; };
		9D48CED31593733B00955842 /* SystemConfiguration.framework in Frameworks */ = {isa = PBXBuildFile; fileRef = 9DAF569015932D77002018B5 /* SystemConfiguration.framework */; };
		9DAF568F15932852002018B5 /* Reachability.m in Sources */ = {isa = PBXBuildFile; fileRef = 9DAF568E15932852002018B5 /* Reachability.m */; };
		DD06BD7413170793007673AA /* CoreLocation.framework in Frameworks */ = {isa = PBXBuildFile; fileRef = DD06BD7313170793007673AA /* CoreLocation.framework */; };
		DD06BDC713171314007673AA /* Growl Registration Ticket.growlRegDict in Resources */ = {isa = PBXBuildFile; fileRef = DD06BDAA13170FF6007673AA /* Growl Registration Ticket.growlRegDict */; };
/* End PBXBuildFile section */

/* Begin PBXCopyFilesBuildPhase section */
		172754B4107597CF00D0347B /* CopyFiles */ = {
			isa = PBXCopyFilesBuildPhase;
			buildActionMask = 2147483647;
			dstPath = "";
			dstSubfolderSpec = 10;
			files = (
				2EE31A721564254C004F33FE /* Pusher.framework in CopyFiles */,
			);
			runOnlyForDeploymentPostprocessing = 0;
		};
		2EDA046B1565B8450043A3A6 /* Copy Growl 1.3 */ = {
			isa = PBXCopyFilesBuildPhase;
			buildActionMask = 2147483647;
			dstPath = Contents/Frameworks/Growl/1.3;
			dstSubfolderSpec = 1;
			files = (
				2EDA046C1565B86F0043A3A6 /* Growl.framework in Copy Growl 1.3 */,
			);
			name = "Copy Growl 1.3";
			runOnlyForDeploymentPostprocessing = 0;
		};
		2EDA046D1565B8760043A3A6 /* Copy Growl 1.2.3 */ = {
			isa = PBXCopyFilesBuildPhase;
			buildActionMask = 2147483647;
			dstPath = Contents/Frameworks/Growl/1.2.3;
			dstSubfolderSpec = 1;
			files = (
				2EDA046E1565B8850043A3A6 /* Growl.framework in Copy Growl 1.2.3 */,
			);
			name = "Copy Growl 1.2.3";
			runOnlyForDeploymentPostprocessing = 0;
		};
/* End PBXCopyFilesBuildPhase section */

/* Begin PBXFileReference section */
		089C165DFE840E0CC02AAC07 /* English */ = {isa = PBXFileReference; fileEncoding = 10; lastKnownFileType = text.plist.strings; name = English; path = English.lproj/InfoPlist.strings; sourceTree = "<group>"; };
		1058C7A1FEA54F0111CA2CBB /* Cocoa.framework */ = {isa = PBXFileReference; lastKnownFileType = wrapper.framework; name = Cocoa.framework; path = /System/Library/Frameworks/Cocoa.framework; sourceTree = "<absolute>"; };
		13E42FB307B3F0F600E4EEF1 /* CoreData.framework */ = {isa = PBXFileReference; lastKnownFileType = wrapper.framework; name = CoreData.framework; path = /System/Library/Frameworks/CoreData.framework; sourceTree = "<absolute>"; };
		29B97316FDCFA39411CA2CEA /* main.m */ = {isa = PBXFileReference; fileEncoding = 4; lastKnownFileType = sourcecode.c.objc; path = main.m; sourceTree = "<group>"; };
		29B97324FDCFA39411CA2CEA /* AppKit.framework */ = {isa = PBXFileReference; lastKnownFileType = wrapper.framework; name = AppKit.framework; path = /System/Library/Frameworks/AppKit.framework; sourceTree = "<absolute>"; };
		29B97325FDCFA39411CA2CEA /* Foundation.framework */ = {isa = PBXFileReference; lastKnownFileType = wrapper.framework; name = Foundation.framework; path = /System/Library/Frameworks/Foundation.framework; sourceTree = "<absolute>"; };
		2BFA9DA610CDF852007972A1 /* English */ = {isa = PBXFileReference; lastKnownFileType = file.xib; name = English; path = English.lproj/MainMenu.xib; sourceTree = "<group>"; };
		2E759889164DF68100B87810 /* Notification.h */ = {isa = PBXFileReference; fileEncoding = 4; lastKnownFileType = sourcecode.c.h; path = Notification.h; sourceTree = "<group>"; };
		2E75988A164DF68100B87810 /* Notification.m */ = {isa = PBXFileReference; fileEncoding = 4; lastKnownFileType = sourcecode.c.objc; path = Notification.m; sourceTree = "<group>"; };
		2E90F155164E389F009CAA25 /* Travis Toolbar.icns */ = {isa = PBXFileReference; lastKnownFileType = image.icns; path = "Travis Toolbar.icns"; sourceTree = "<group>"; };
		2E90F158164E49BB009CAA25 /* NotificationDisplayer.h */ = {isa = PBXFileReference; fileEncoding = 4; lastKnownFileType = sourcecode.c.h; path = NotificationDisplayer.h; sourceTree = "<group>"; };
		2E90F159164E49BB009CAA25 /* NotificationDisplayer.m */ = {isa = PBXFileReference; fileEncoding = 4; lastKnownFileType = sourcecode.c.objc; path = NotificationDisplayer.m; sourceTree = "<group>"; };
		2EDA045715644D5D0043A3A6 /* PusherConnection.h */ = {isa = PBXFileReference; fileEncoding = 4; lastKnownFileType = sourcecode.c.h; path = PusherConnection.h; sourceTree = "<group>"; };
		2EDA045815644D5D0043A3A6 /* PusherConnection.m */ = {isa = PBXFileReference; fileEncoding = 4; lastKnownFileType = sourcecode.c.objc; path = PusherConnection.m; sourceTree = "<group>"; };
		2EDA045B156450750043A3A6 /* TravisEvent.h */ = {isa = PBXFileReference; fileEncoding = 4; lastKnownFileType = sourcecode.c.h; path = TravisEvent.h; sourceTree = "<group>"; };
		2EDA045C156450750043A3A6 /* TravisEvent.m */ = {isa = PBXFileReference; fileEncoding = 4; lastKnownFileType = sourcecode.c.objc; path = TravisEvent.m; sourceTree = "<group>"; };
		2EDA045E156464FF0043A3A6 /* tray-alt.png */ = {isa = PBXFileReference; lastKnownFileType = image.png; path = "tray-alt.png"; sourceTree = "<group>"; };
		2EDA045F156464FF0043A3A6 /* tray.png */ = {isa = PBXFileReference; lastKnownFileType = image.png; path = tray.png; sourceTree = "<group>"; };
		2EDA04691565B82C0043A3A6 /* Growl.framework */ = {isa = PBXFileReference; lastKnownFileType = wrapper.framework; name = Growl.framework; path = vendor/legacy/Growl.framework; sourceTree = "<group>"; };
		2EDA04731565C0A70043A3A6 /* PreferencesController.h */ = {isa = PBXFileReference; fileEncoding = 4; lastKnownFileType = sourcecode.c.h; path = PreferencesController.h; sourceTree = "<group>"; };
		2EDA04741565C0A70043A3A6 /* PreferencesController.m */ = {isa = PBXFileReference; fileEncoding = 4; lastKnownFileType = sourcecode.c.objc; path = PreferencesController.m; sourceTree = "<group>"; };
		2EDA04761565C67C0043A3A6 /* Preferences.h */ = {isa = PBXFileReference; fileEncoding = 4; lastKnownFileType = sourcecode.c.h; path = Preferences.h; sourceTree = "<group>"; };
		2EDA04771565C67C0043A3A6 /* Preferences.m */ = {isa = PBXFileReference; fileEncoding = 4; lastKnownFileType = sourcecode.c.objc; path = Preferences.m; sourceTree = "<group>"; };
		2EE31A5E15642182004F33FE /* Growl.framework */ = {isa = PBXFileReference; lastKnownFileType = wrapper.framework; name = Growl.framework; path = vendor/Growl.framework; sourceTree = "<group>"; };
		2EE31A69156422CF004F33FE /* AppDelegate.h */ = {isa = PBXFileReference; fileEncoding = 4; lastKnownFileType = sourcecode.c.h; path = AppDelegate.h; sourceTree = "<group>"; };
		2EE31A6A156422CF004F33FE /* AppDelegate.m */ = {isa = PBXFileReference; fileEncoding = 4; lastKnownFileType = sourcecode.c.objc; path = AppDelegate.m; sourceTree = "<group>"; };
		2EE31A7015642547004F33FE /* Pusher.framework */ = {isa = PBXFileReference; lastKnownFileType = wrapper.framework; name = Pusher.framework; path = vendor/Pusher.framework; sourceTree = "<group>"; };
		2EE31A731564259B004F33FE /* Constants.h */ = {isa = PBXFileReference; lastKnownFileType = sourcecode.c.h; path = Constants.h; sourceTree = "<group>"; };
		2EE31A7E15644ABD004F33FE /* Travis Toolbar.entitlements */ = {isa = PBXFileReference; lastKnownFileType = text.xml; path = "Travis Toolbar.entitlements"; sourceTree = "<group>"; };
		8D1107310486CEB800E47090 /* Info.plist */ = {isa = PBXFileReference; fileEncoding = 4; lastKnownFileType = text.plist.xml; path = Info.plist; sourceTree = "<group>"; };
		8D1107320486CEB800E47090 /* Travis Toolbar.app */ = {isa = PBXFileReference; explicitFileType = wrapper.application; includeInIndex = 0; path = "Travis Toolbar.app"; sourceTree = BUILT_PRODUCTS_DIR; };
		9DAF568D15932852002018B5 /* Reachability.h */ = {isa = PBXFileReference; fileEncoding = 4; lastKnownFileType = sourcecode.c.h; path = Reachability.h; sourceTree = "<group>"; };
		9DAF568E15932852002018B5 /* Reachability.m */ = {isa = PBXFileReference; fileEncoding = 4; lastKnownFileType = sourcecode.c.objc; path = Reachability.m; sourceTree = "<group>"; };
		9DAF569015932D77002018B5 /* SystemConfiguration.framework */ = {isa = PBXFileReference; lastKnownFileType = wrapper.framework; name = SystemConfiguration.framework; path = Platforms/MacOSX.platform/Developer/SDKs/MacOSX10.7.sdk/System/Library/Frameworks/SystemConfiguration.framework; sourceTree = DEVELOPER_DIR; };
		DD06BD7313170793007673AA /* CoreLocation.framework */ = {isa = PBXFileReference; lastKnownFileType = wrapper.framework; name = CoreLocation.framework; path = /System/Library/Frameworks/CoreLocation.framework; sourceTree = "<absolute>"; };
		DD06BDAA13170FF6007673AA /* Growl Registration Ticket.growlRegDict */ = {isa = PBXFileReference; fileEncoding = 4; lastKnownFileType = text.xml; path = "Growl Registration Ticket.growlRegDict"; sourceTree = "<group>"; };
/* End PBXFileReference section */

/* Begin PBXFrameworksBuildPhase section */
		8D11072E0486CEB800E47090 /* Frameworks */ = {
			isa = PBXFrameworksBuildPhase;
			buildActionMask = 2147483647;
			files = (
				9D48CED31593733B00955842 /* SystemConfiguration.framework in Frameworks */,
				8D11072F0486CEB800E47090 /* Cocoa.framework in Frameworks */,
				DD06BD7413170793007673AA /* CoreLocation.framework in Frameworks */,
				2EE31A7115642547004F33FE /* Pusher.framework in Frameworks */,
			);
			runOnlyForDeploymentPostprocessing = 0;
		};
/* End PBXFrameworksBuildPhase section */

/* Begin PBXGroup section */
		1058C7A0FEA54F0111CA2CBB /* Linked Frameworks */ = {
			isa = PBXGroup;
			children = (
				9DAF569015932D77002018B5 /* SystemConfiguration.framework */,
				2EE31A7015642547004F33FE /* Pusher.framework */,
				1058C7A1FEA54F0111CA2CBB /* Cocoa.framework */,
				DD06BD7313170793007673AA /* CoreLocation.framework */,
			);
			name = "Linked Frameworks";
			sourceTree = "<group>";
		};
		1058C7A2FEA54F0111CA2CBB /* Other Frameworks */ = {
			isa = PBXGroup;
			children = (
				29B97324FDCFA39411CA2CEA /* AppKit.framework */,
				13E42FB307B3F0F600E4EEF1 /* CoreData.framework */,
				29B97325FDCFA39411CA2CEA /* Foundation.framework */,
			);
			name = "Other Frameworks";
			sourceTree = "<group>";
		};
		19C28FACFE9D520D11CA2CBB /* Products */ = {
			isa = PBXGroup;
			children = (
				8D1107320486CEB800E47090 /* Travis Toolbar.app */,
			);
			name = Products;
			sourceTree = "<group>";
		};
		29B97314FDCFA39411CA2CEA /* Travis Toolbar */ = {
			isa = PBXGroup;
			children = (
				2EE31A611564226E004F33FE /* Travis Toolbar */,
				29B97317FDCFA39411CA2CEA /* Resources */,
				29B97323FDCFA39411CA2CEA /* Frameworks */,
				19C28FACFE9D520D11CA2CBB /* Products */,
			);
			indentWidth = 2;
			name = "Travis Toolbar";
			sourceTree = "<group>";
			tabWidth = 2;
			usesTabs = 0;
		};
		29B97317FDCFA39411CA2CEA /* Resources */ = {
			isa = PBXGroup;
			children = (
				2E90F155164E389F009CAA25 /* Travis Toolbar.icns */,
				2EDA045E156464FF0043A3A6 /* tray-alt.png */,
				2EDA045F156464FF0043A3A6 /* tray.png */,
				2EE31A7E15644ABD004F33FE /* Travis Toolbar.entitlements */,
				2BFA9DA510CDF852007972A1 /* MainMenu.xib */,
				8D1107310486CEB800E47090 /* Info.plist */,
				089C165CFE840E0CC02AAC07 /* InfoPlist.strings */,
				DD06BDAA13170FF6007673AA /* Growl Registration Ticket.growlRegDict */,
			);
			name = Resources;
			path = resources;
			sourceTree = "<group>";
		};
		29B97323FDCFA39411CA2CEA /* Frameworks */ = {
			isa = PBXGroup;
			children = (
				2EDA04661565B7F90043A3A6 /* Growl */,
				1058C7A0FEA54F0111CA2CBB /* Linked Frameworks */,
				1058C7A2FEA54F0111CA2CBB /* Other Frameworks */,
			);
			name = Frameworks;
			sourceTree = "<group>";
		};
		2EDA04661565B7F90043A3A6 /* Growl */ = {
			isa = PBXGroup;
			children = (
				2EDA04681565B8190043A3A6 /* 1.2.3 */,
				2EDA04671565B80B0043A3A6 /* 1.3 */,
			);
			name = Growl;
			sourceTree = "<group>";
		};
		2EDA04671565B80B0043A3A6 /* 1.3 */ = {
			isa = PBXGroup;
			children = (
				2EE31A5E15642182004F33FE /* Growl.framework */,
			);
			name = 1.3;
			sourceTree = "<group>";
		};
		2EDA04681565B8190043A3A6 /* 1.2.3 */ = {
			isa = PBXGroup;
			children = (
				2EDA04691565B82C0043A3A6 /* Growl.framework */,
			);
			name = 1.2.3;
			sourceTree = "<group>";
		};
		2EE31A611564226E004F33FE /* Travis Toolbar */ = {
			isa = PBXGroup;
			children = (
				2EE31A6C15642365004F33FE /* Supporting Files */,
				2EE31A69156422CF004F33FE /* AppDelegate.h */,
				2EE31A6A156422CF004F33FE /* AppDelegate.m */,
				2EE31A731564259B004F33FE /* Constants.h */,
				2EDA045715644D5D0043A3A6 /* PusherConnection.h */,
				2EDA045815644D5D0043A3A6 /* PusherConnection.m */,
				2EDA045B156450750043A3A6 /* TravisEvent.h */,
				2EDA045C156450750043A3A6 /* TravisEvent.m */,
				2EDA04731565C0A70043A3A6 /* PreferencesController.h */,
				2EDA04741565C0A70043A3A6 /* PreferencesController.m */,
				2EDA04761565C67C0043A3A6 /* Preferences.h */,
				2EDA04771565C67C0043A3A6 /* Preferences.m */,
				9DAF568D15932852002018B5 /* Reachability.h */,
				9DAF568E15932852002018B5 /* Reachability.m */,
				2E759889164DF68100B87810 /* Notification.h */,
				2E75988A164DF68100B87810 /* Notification.m */,
				2E90F158164E49BB009CAA25 /* NotificationDisplayer.h */,
				2E90F159164E49BB009CAA25 /* NotificationDisplayer.m */,
			);
			name = "Travis Toolbar";
			path = src;
			sourceTree = "<group>";
		};
		2EE31A6C15642365004F33FE /* Supporting Files */ = {
			isa = PBXGroup;
			children = (
				29B97316FDCFA39411CA2CEA /* main.m */,
			);
			name = "Supporting Files";
			sourceTree = "<group>";
		};
/* End PBXGroup section */

/* Begin PBXNativeTarget section */
		8D1107260486CEB800E47090 /* Travis Toolbar */ = {
			isa = PBXNativeTarget;
			buildConfigurationList = C01FCF4A08A954540054247B /* Build configuration list for PBXNativeTarget "Travis Toolbar" */;
			buildPhases = (
				8D1107290486CEB800E47090 /* Resources */,
				8D11072C0486CEB800E47090 /* Sources */,
				8D11072E0486CEB800E47090 /* Frameworks */,
				172754B4107597CF00D0347B /* CopyFiles */,
				2EDA046B1565B8450043A3A6 /* Copy Growl 1.3 */,
				2EDA046D1565B8760043A3A6 /* Copy Growl 1.2.3 */,
			);
			buildRules = (
			);
			dependencies = (
			);
			name = "Travis Toolbar";
			productInstallPath = "$(HOME)/Applications";
			productName = "Travis Toolbar";
			productReference = 8D1107320486CEB800E47090 /* Travis Toolbar.app */;
			productType = "com.apple.product-type.application";
		};
/* End PBXNativeTarget section */

/* Begin PBXProject section */
		29B97313FDCFA39411CA2CEA /* Project object */ = {
			isa = PBXProject;
			attributes = {
				LastUpgradeCheck = 0450;
				ORGANIZATIONNAME = "Travis CI GmbH";
			};
			buildConfigurationList = C01FCF4E08A954540054247B /* Build configuration list for PBXProject "Travis Toolbar" */;
			compatibilityVersion = "Xcode 3.2";
			developmentRegion = English;
			hasScannedForEncodings = 1;
			knownRegions = (
				English,
				Japanese,
				French,
				German,
			);
			mainGroup = 29B97314FDCFA39411CA2CEA /* Travis Toolbar */;
			projectDirPath = "";
			projectRoot = "";
			targets = (
				8D1107260486CEB800E47090 /* Travis Toolbar */,
			);
		};
/* End PBXProject section */

/* Begin PBXResourcesBuildPhase section */
		8D1107290486CEB800E47090 /* Resources */ = {
			isa = PBXResourcesBuildPhase;
			buildActionMask = 2147483647;
			files = (
				DD06BDC713171314007673AA /* Growl Registration Ticket.growlRegDict in Resources */,
				8D11072B0486CEB800E47090 /* InfoPlist.strings in Resources */,
				2BFA9DA710CDF852007972A1 /* MainMenu.xib in Resources */,
				2EDA0460156464FF0043A3A6 /* tray-alt.png in Resources */,
				2EDA0461156464FF0043A3A6 /* tray.png in Resources */,
				2E90F156164E389F009CAA25 /* Travis Toolbar.icns in Resources */,
			);
			runOnlyForDeploymentPostprocessing = 0;
		};
/* End PBXResourcesBuildPhase section */

/* Begin PBXSourcesBuildPhase section */
		8D11072C0486CEB800E47090 /* Sources */ = {
			isa = PBXSourcesBuildPhase;
			buildActionMask = 2147483647;
			files = (
				8D11072D0486CEB800E47090 /* main.m in Sources */,
				2EE31A6B156422CF004F33FE /* AppDelegate.m in Sources */,
				2EDA045915644D5D0043A3A6 /* PusherConnection.m in Sources */,
				2EDA045D156450750043A3A6 /* TravisEvent.m in Sources */,
				2EDA04751565C0A70043A3A6 /* PreferencesController.m in Sources */,
				2EDA04781565C67C0043A3A6 /* Preferences.m in Sources */,
				9DAF568F15932852002018B5 /* Reachability.m in Sources */,
				2E75988B164DF68100B87810 /* Notification.m in Sources */,
				2E90F15A164E49BB009CAA25 /* NotificationDisplayer.m in Sources */,
			);
			runOnlyForDeploymentPostprocessing = 0;
		};
/* End PBXSourcesBuildPhase section */

/* Begin PBXVariantGroup section */
		089C165CFE840E0CC02AAC07 /* InfoPlist.strings */ = {
			isa = PBXVariantGroup;
			children = (
				089C165DFE840E0CC02AAC07 /* English */,
			);
			name = InfoPlist.strings;
			sourceTree = "<group>";
		};
		2BFA9DA510CDF852007972A1 /* MainMenu.xib */ = {
			isa = PBXVariantGroup;
			children = (
				2BFA9DA610CDF852007972A1 /* English */,
			);
			name = MainMenu.xib;
			sourceTree = "<group>";
		};
/* End PBXVariantGroup section */

/* Begin XCBuildConfiguration section */
		C01FCF4B08A954540054247B /* Debug */ = {
			isa = XCBuildConfiguration;
			buildSettings = {
				CLANG_ENABLE_OBJC_ARC = YES;
				CODE_SIGN_ENTITLEMENTS = "resources/Travis Toolbar.entitlements";
				CODE_SIGN_IDENTITY = "Mac Developer";
				COMBINE_HIDPI_IMAGES = YES;
				COPY_PHASE_STRIP = NO;
				FRAMEWORK_SEARCH_PATHS = (
					"$(inherited)",
					"\"$(SRCROOT)/vendor\"",
					"\"$(SRCROOT)\"",
					"\"$(SRCROOT)/vendor/legacy\"",
				);
				GCC_DYNAMIC_NO_PIC = NO;
				GCC_ENABLE_OBJC_GC = unsupported;
				GCC_MODEL_TUNING = G5;
				GCC_OPTIMIZATION_LEVEL = 0;
				GCC_PRECOMPILE_PREFIX_HEADER = YES;
				GCC_VERSION = com.apple.compilers.llvm.clang.1_0;
				INFOPLIST_FILE = resources/Info.plist;
				INSTALL_PATH = "$(HOME)/Applications";
				MACOSX_DEPLOYMENT_TARGET = 10.7;
				PRODUCT_NAME = "Travis Toolbar";
				SDKROOT = macosx;
				WRAPPER_EXTENSION = app;
				ZERO_LINK = YES;
			};
			name = Debug;
		};
		C01FCF4C08A954540054247B /* Release */ = {
			isa = XCBuildConfiguration;
			buildSettings = {
				CLANG_ENABLE_OBJC_ARC = YES;
				CODE_SIGN_ENTITLEMENTS = "resources/Travis Toolbar.entitlements";
				CODE_SIGN_IDENTITY = "Mac Developer";
				COMBINE_HIDPI_IMAGES = YES;
				DEBUG_INFORMATION_FORMAT = "dwarf-with-dsym";
				FRAMEWORK_SEARCH_PATHS = (
					"$(inherited)",
					"\"$(SRCROOT)/vendor\"",
					"\"$(SRCROOT)\"",
					"\"$(SRCROOT)/vendor/legacy\"",
				);
				GCC_ENABLE_OBJC_GC = unsupported;
				GCC_MODEL_TUNING = G5;
				GCC_PRECOMPILE_PREFIX_HEADER = YES;
				GCC_VERSION = com.apple.compilers.llvm.clang.1_0;
				INFOPLIST_FILE = resources/Info.plist;
				INSTALL_PATH = "$(HOME)/Applications";
				MACOSX_DEPLOYMENT_TARGET = 10.7;
				PRODUCT_NAME = "Travis Toolbar";
				SDKROOT = macosx;
				WRAPPER_EXTENSION = app;
			};
			name = Release;
		};
		C01FCF4F08A954540054247B /* Debug */ = {
			isa = XCBuildConfiguration;
			buildSettings = {
				ARCHS = "$(NATIVE_ARCH_ACTUAL)";
				GCC_C_LANGUAGE_STANDARD = c99;
				GCC_ENABLE_OBJC_GC = required;
				GCC_WARN_ABOUT_RETURN_TYPE = YES;
				GCC_WARN_UNUSED_VARIABLE = YES;
			};
			name = Debug;
		};
		C01FCF5008A954540054247B /* Release */ = {
			isa = XCBuildConfiguration;
			buildSettings = {
				ARCHS = "$(NATIVE_ARCH_ACTUAL)";
				GCC_C_LANGUAGE_STANDARD = c99;
				GCC_ENABLE_OBJC_GC = required;
				GCC_WARN_ABOUT_RETURN_TYPE = YES;
				GCC_WARN_UNUSED_VARIABLE = YES;
			};
			name = Release;
		};
/* End XCBuildConfiguration section */

/* Begin XCConfigurationList section */
		C01FCF4A08A954540054247B /* Build configuration list for PBXNativeTarget "Travis Toolbar" */ = {
			isa = XCConfigurationList;
			buildConfigurations = (
				C01FCF4B08A954540054247B /* Debug */,
				C01FCF4C08A954540054247B /* Release */,
			);
			defaultConfigurationIsVisible = 0;
			defaultConfigurationName = Release;
		};
		C01FCF4E08A954540054247B /* Build configuration list for PBXProject "Travis Toolbar" */ = {
			isa = XCConfigurationList;
			buildConfigurations = (
				C01FCF4F08A954540054247B /* Debug */,
				C01FCF5008A954540054247B /* Release */,
			);
			defaultConfigurationIsVisible = 0;
			defaultConfigurationName = Release;
		};
/* End XCConfigurationList section */
	};
	rootObject = 29B97313FDCFA39411CA2CEA /* Project object */;
}
